{
  "name": "default",
  "lockfileVersion": 2,
  "requires": true,
  "packages": {
    "": {
      "dependencies": {
        "@types/lodash": "^4.14.186",
        "@types/screeps": "^3.3.0"
      }
    },
    "node_modules/@types/lodash": {
      "version": "4.14.186",
      "resolved": "https://registry.npmjs.org/@types/lodash/-/lodash-4.14.186.tgz",
      "integrity": "sha512-eHcVlLXP0c2FlMPm56ITode2AgLMSa6aJ05JTTbYbI+7EMkCEE5qk2E41d5g2lCVTqRe0GnnRFurmlCsDODrPw=="
    },
    "node_modules/@types/screeps": {
      "version": "3.3.0",
      "resolved": "https://registry.npmjs.org/@types/screeps/-/screeps-3.3.0.tgz",
      "integrity": "sha512-1Fw/U0V0INPS4rS+SpjRi3zswf5cxgwTdNVN0UksWAkuVidS/4NCCx0LHZqvOByx6kP8J+7O9z3SMzK5prz5cA=="
    }
  },
  "dependencies": {
    "@types/lodash": {
      "version": "4.14.186",
      "resolved": "https://registry.npmjs.org/@types/lodash/-/lodash-4.14.186.tgz",
      "integrity": "sha512-eHcVlLXP0c2FlMPm56ITode2AgLMSa6aJ05JTTbYbI+7EMkCEE5qk2E41d5g2lCVTqRe0GnnRFurmlCsDODrPw=="
    },
    "@types/screeps": {
      "version": "3.3.0",
      "resolved": "https://registry.npmjs.org/@types/screeps/-/screeps-3.3.0.tgz",
      "integrity": "sha512-1Fw/U0V0INPS4rS+SpjRi3zswf5cxgwTdNVN0UksWAkuVidS/4NCCx0LHZqvOByx6kP8J+7O9z3SMzK5prz5cA=="
    }
  }
}
